
Microsoft Visual Studio Solution File, Format Version 12.00
# Visual Studio Version 17
VisualStudioVersion = 17.0.31903.59
MinimumVisualStudioVersion = 10.0.40219.1
Project("{FAE04EC0-301F-11D3-BF4B-00C04F79EFBC}") = "UpsilonAndromedae", "UpsilonAndromedae.csproj", "{783337FE-FBFF-40B7-BC13-46D270480F3C}"
EndProject
Global
	GlobalSection(SolutionConfigurationPlatforms) = preSolution
		Debug|Any CPU = Debug|Any CPU
		Release|Any CPU = Release|Any CPU
	EndGlobalSection
	GlobalSection(ProjectConfigurationPlatforms) = postSolution
		{783337FE-FBFF-40B7-BC13-46D270480F3C}.Debug|Any CPU.ActiveCfg = Debug|Any CPU
		{783337FE-FBFF-40B7-BC13-46D270480F3C}.Debug|Any CPU.Build.0 = Debug|Any CPU
		{783337FE-FBFF-40B7-BC13-46D270480F3C}.Release|Any CPU.ActiveCfg = Release|Any CPU
		{783337FE-FBFF-40B7-BC13-46D270480F3C}.Release|Any CPU.Build.0 = Release|Any CPU
	EndGlobalSection
	GlobalSection(SolutionProperties) = preSolution
		HideSolutionNode = FALSE
	EndGlobalSection
	GlobalSection(ExtensibilityGlobals) = postSolution
		SolutionGuid = {E26F1384-81F2-4F38-8C36-4D65A2EFCBC3}
	EndGlobalSection
EndGlobal
